
Microsoft Visual Studio Solution File, Format Version 12.00
# Visual Studio Version 17
VisualStudioVersion = 17.0.32014.148
MinimumVisualStudioVersion = 10.0.40219.1
Project("{FAE04EC0-301F-11D3-BF4B-00C04F79EFBC}") = "AntiDecoration", "AntiDecoration\AntiDecoration.csproj", "{6805EA62-1613-4968-BA57-B5C1C392DFC5}"
EndProject
Global
	GlobalSection(SolutionConfigurationPlatforms) = preSolution
		Debug|Any CPU = Debug|Any CPU
		Release|Any CPU = Release|Any CPU
	EndGlobalSection
	GlobalSection(ProjectConfigurationPlatforms) = postSolution
		{6805EA62-1613-4968-BA57-B5C1C392DFC5}.Debug|Any CPU.ActiveCfg = Debug|Any CPU
		{6805EA62-1613-4968-BA57-B5C1C392DFC5}.Debug|Any CPU.Build.0 = Debug|Any CPU
		{6805EA62-1613-4968-BA57-B5C1C392DFC5}.Release|Any CPU.ActiveCfg = Release|Any CPU
		{6805EA62-1613-4968-BA57-B5C1C392DFC5}.Release|Any CPU.Build.0 = Release|Any CPU
	EndGlobalSection
	GlobalSection(SolutionProperties) = preSolution
		HideSolutionNode = FALSE
	EndGlobalSection
	GlobalSection(ExtensibilityGlobals) = postSolution
		SolutionGuid = {7BF4A81F-0E21-48F9-8934-DD8DE87740FF}
	EndGlobalSection
EndGlobal
